
Microsoft Visual Studio Solution File, Format Version 12.00
# Visual Studio Version 16
VisualStudioVersion = 16.0.30114.105
MinimumVisualStudioVersion = 10.0.40219.1
Project("{FAE04EC0-301F-11D3-BF4B-00C04F79EFBC}") = "API", "API\API.csproj", "{765DBB42-D83A-4907-818E-4D4187CED8D7}"
EndProject
Project("{FAE04EC0-301F-11D3-BF4B-00C04F79EFBC}") = "Persistence", "Persistence\Persistence.csproj", "{9EA945AE-4985-4872-B9F1-35C96C42AEBE}"
EndProject
Project("{FAE04EC0-301F-11D3-BF4B-00C04F79EFBC}") = "Domain", "Domain\Domain.csproj", "{B804A78A-B547-4E28-9F78-7E4E47E8D328}"
EndProject
Project("{FAE04EC0-301F-11D3-BF4B-00C04F79EFBC}") = "Application", "Application\Application.csproj", "{106B2812-8186-4B7E-9559-665733EA6545}"
EndProject
Project("{FAE04EC0-301F-11D3-BF4B-00C04F79EFBC}") = "Test", "Test\Test.csproj", "{F11CBACC-6481-47D3-8051-6DA0EB6FC1E7}"
EndProject
Global
	GlobalSection(SolutionConfigurationPlatforms) = preSolution
		Debug|Any CPU = Debug|Any CPU
		Debug|x64 = Debug|x64
		Debug|x86 = Debug|x86
		Release|Any CPU = Release|Any CPU
		Release|x64 = Release|x64
		Release|x86 = Release|x86
	EndGlobalSection
	GlobalSection(SolutionProperties) = preSolution
		HideSolutionNode = FALSE
	EndGlobalSection
	GlobalSection(ProjectConfigurationPlatforms) = postSolution
		{765DBB42-D83A-4907-818E-4D4187CED8D7}.Debug|Any CPU.ActiveCfg = Debug|Any CPU
		{765DBB42-D83A-4907-818E-4D4187CED8D7}.Debug|Any CPU.Build.0 = Debug|Any CPU
		{765DBB42-D83A-4907-818E-4D4187CED8D7}.Debug|x64.ActiveCfg = Debug|Any CPU
		{765DBB42-D83A-4907-818E-4D4187CED8D7}.Debug|x64.Build.0 = Debug|Any CPU
		{765DBB42-D83A-4907-818E-4D4187CED8D7}.Debug|x86.ActiveCfg = Debug|Any CPU
		{765DBB42-D83A-4907-818E-4D4187CED8D7}.Debug|x86.Build.0 = Debug|Any CPU
		{765DBB42-D83A-4907-818E-4D4187CED8D7}.Release|Any CPU.ActiveCfg = Release|Any CPU
		{765DBB42-D83A-4907-818E-4D4187CED8D7}.Release|Any CPU.Build.0 = Release|Any CPU
		{765DBB42-D83A-4907-818E-4D4187CED8D7}.Release|x64.ActiveCfg = Release|Any CPU
		{765DBB42-D83A-4907-818E-4D4187CED8D7}.Release|x64.Build.0 = Release|Any CPU
		{765DBB42-D83A-4907-818E-4D4187CED8D7}.Release|x86.ActiveCfg = Release|Any CPU
		{765DBB42-D83A-4907-818E-4D4187CED8D7}.Release|x86.Build.0 = Release|Any CPU
		{9EA945AE-4985-4872-B9F1-35C96C42AEBE}.Debug|Any CPU.ActiveCfg = Debug|Any CPU
		{9EA945AE-4985-4872-B9F1-35C96C42AEBE}.Debug|Any CPU.Build.0 = Debug|Any CPU
		{9EA945AE-4985-4872-B9F1-35C96C42AEBE}.Debug|x64.ActiveCfg = Debug|Any CPU
		{9EA945AE-4985-4872-B9F1-35C96C42AEBE}.Debug|x64.Build.0 = Debug|Any CPU
		{9EA945AE-4985-4872-B9F1-35C96C42AEBE}.Debug|x86.ActiveCfg = Debug|Any CPU
		{9EA945AE-4985-4872-B9F1-35C96C42AEBE}.Debug|x86.Build.0 = Debug|Any CPU
		{9EA945AE-4985-4872-B9F1-35C96C42AEBE}.Release|Any CPU.ActiveCfg = Release|Any CPU
		{9EA945AE-4985-4872-B9F1-35C96C42AEBE}.Release|Any CPU.Build.0 = Release|Any CPU
		{9EA945AE-4985-4872-B9F1-35C96C42AEBE}.Release|x64.ActiveCfg = Release|Any CPU
		{9EA945AE-4985-4872-B9F1-35C96C42AEBE}.Release|x64.Build.0 = Release|Any CPU
		{9EA945AE-4985-4872-B9F1-35C96C42AEBE}.Release|x86.ActiveCfg = Release|Any CPU
		{9EA945AE-4985-4872-B9F1-35C96C42AEBE}.Release|x86.Build.0 = Release|Any CPU
		{B804A78A-B547-4E28-9F78-7E4E47E8D328}.Debug|Any CPU.ActiveCfg = Debug|Any CPU
		{B804A78A-B547-4E28-9F78-7E4E47E8D328}.Debug|Any CPU.Build.0 = Debug|Any CPU
		{B804A78A-B547-4E28-9F78-7E4E47E8D328}.Debug|x64.ActiveCfg = Debug|Any CPU
		{B804A78A-B547-4E28-9F78-7E4E47E8D328}.Debug|x64.Build.0 = Debug|Any CPU
		{B804A78A-B547-4E28-9F78-7E4E47E8D328}.Debug|x86.ActiveCfg = Debug|Any CPU
		{B804A78A-B547-4E28-9F78-7E4E47E8D328}.Debug|x86.Build.0 = Debug|Any CPU
		{B804A78A-B547-4E28-9F78-7E4E47E8D328}.Release|Any CPU.ActiveCfg = Release|Any CPU
		{B804A78A-B547-4E28-9F78-7E4E47E8D328}.Release|Any CPU.Build.0 = Release|Any CPU
		{B804A78A-B547-4E28-9F78-7E4E47E8D328}.Release|x64.ActiveCfg = Release|Any CPU
		{B804A78A-B547-4E28-9F78-7E4E47E8D328}.Release|x64.Build.0 = Release|Any CPU
		{B804A78A-B547-4E28-9F78-7E4E47E8D328}.Release|x86.ActiveCfg = Release|Any CPU
		{B804A78A-B547-4E28-9F78-7E4E47E8D328}.Release|x86.Build.0 = Release|Any CPU
		{106B2812-8186-4B7E-9559-665733EA6545}.Debug|Any CPU.ActiveCfg = Debug|Any CPU
		{106B2812-8186-4B7E-9559-665733EA6545}.Debug|Any CPU.Build.0 = Debug|Any CPU
		{106B2812-8186-4B7E-9559-665733EA6545}.Debug|x64.ActiveCfg = Debug|Any CPU
		{106B2812-8186-4B7E-9559-665733EA6545}.Debug|x64.Build.0 = Debug|Any CPU
		{106B2812-8186-4B7E-9559-665733EA6545}.Debug|x86.ActiveCfg = Debug|Any CPU
		{106B2812-8186-4B7E-9559-665733EA6545}.Debug|x86.Build.0 = Debug|Any CPU
		{106B2812-8186-4B7E-9559-665733EA6545}.Release|Any CPU.ActiveCfg = Release|Any CPU
		{106B2812-8186-4B7E-9559-665733EA6545}.Release|Any CPU.Build.0 = Release|Any CPU
		{106B2812-8186-4B7E-9559-665733EA6545}.Release|x64.ActiveCfg = Release|Any CPU
		{106B2812-8186-4B7E-9559-665733EA6545}.Release|x64.Build.0 = Release|Any CPU
		{106B2812-8186-4B7E-9559-665733EA6545}.Release|x86.ActiveCfg = Release|Any CPU
		{106B2812-8186-4B7E-9559-665733EA6545}.Release|x86.Build.0 = Release|Any CPU
		{F11CBACC-6481-47D3-8051-6DA0EB6FC1E7}.Debug|Any CPU.ActiveCfg = Debug|Any CPU
		{F11CBACC-6481-47D3-8051-6DA0EB6FC1E7}.Debug|Any CPU.Build.0 = Debug|Any CPU
		{F11CBACC-6481-47D3-8051-6DA0EB6FC1E7}.Debug|x64.ActiveCfg = Debug|Any CPU
		{F11CBACC-6481-47D3-8051-6DA0EB6FC1E7}.Debug|x64.Build.0 = Debug|Any CPU
		{F11CBACC-6481-47D3-8051-6DA0EB6FC1E7}.Debug|x86.ActiveCfg = Debug|Any CPU
		{F11CBACC-6481-47D3-8051-6DA0EB6FC1E7}.Debug|x86.Build.0 = Debug|Any CPU
		{F11CBACC-6481-47D3-8051-6DA0EB6FC1E7}.Release|Any CPU.ActiveCfg = Release|Any CPU
		{F11CBACC-6481-47D3-8051-6DA0EB6FC1E7}.Release|Any CPU.Build.0 = Release|Any CPU
		{F11CBACC-6481-47D3-8051-6DA0EB6FC1E7}.Release|x64.ActiveCfg = Release|Any CPU
		{F11CBACC-6481-47D3-8051-6DA0EB6FC1E7}.Release|x64.Build.0 = Release|Any CPU
		{F11CBACC-6481-47D3-8051-6DA0EB6FC1E7}.Release|x86.ActiveCfg = Release|Any CPU
		{F11CBACC-6481-47D3-8051-6DA0EB6FC1E7}.Release|x86.Build.0 = Release|Any CPU
	EndGlobalSection
EndGlobal
